// !$*UTF8*$!
{
	archiveVersion = 1;
	classes = {
	};
	objectVersion = 46;
	objects = {

/* Begin PBXBuildFile section */
		4195F4821722877A004C22B4 /* UIKit.framework in Frameworks */ = {isa = PBXBuildFile; fileRef = 4195F4811722877A004C22B4 /* UIKit.framework */; };
		4195F4841722877A004C22B4 /* Foundation.framework in Frameworks */ = {isa = PBXBuildFile; fileRef = 4195F4831722877A004C22B4 /* Foundation.framework */; };
		4195F4861722877A004C22B4 /* CoreGraphics.framework in Frameworks */ = {isa = PBXBuildFile; fileRef = 4195F4851722877A004C22B4 /* CoreGraphics.framework */; };
		4195F48C1722877A004C22B4 /* InfoPlist.strings in Resources */ = {isa = PBXBuildFile; fileRef = 4195F48A1722877A004C22B4 /* InfoPlist.strings */; };
		4195F48E1722877A004C22B4 /* main.m in Sources */ = {isa = PBXBuildFile; fileRef = 4195F48D1722877A004C22B4 /* main.m */; };
		4195F4921722877A004C22B4 /* AppDelegate.m in Sources */ = {isa = PBXBuildFile; fileRef = 4195F4911722877A004C22B4 /* AppDelegate.m */; };
		4195F4941722877A004C22B4 /* Default.png in Resources */ = {isa = PBXBuildFile; fileRef = 4195F4931722877A004C22B4 /* Default.png */; };
		4195F4961722877A004C22B4 /* Default@2x.png in Resources */ = {isa = PBXBuildFile; fileRef = 4195F4951722877A004C22B4 /* Default@2x.png */; };
		4195F4981722877A004C22B4 /* Default-568h@2x.png in Resources */ = {isa = PBXBuildFile; fileRef = 4195F4971722877A004C22B4 /* Default-568h@2x.png */; };
		4195F49B1722877A004C22B4 /* MainStoryboard.storyboard in Resources */ = {isa = PBXBuildFile; fileRef = 4195F4991722877A004C22B4 /* MainStoryboard.storyboard */; };
		4195F4A6172287B7004C22B4 /* CoolTableViewController.m in Sources */ = {isa = PBXBuildFile; fileRef = 4195F4A5172287B7004C22B4 /* CoolTableViewController.m */; };
		4195F4A917228B71004C22B4 /* CustomCellBackground.m in Sources */ = {isa = PBXBuildFile; fileRef = 4195F4A817228B71004C22B4 /* CustomCellBackground.m */; };
		4195F4AC17228EB5004C22B4 /* Common.m in Sources */ = {isa = PBXBuildFile; fileRef = 4195F4AB17228EB5004C22B4 /* Common.m */; };
		4195F4AF17238229004C22B4 /* CustomHeader.m in Sources */ = {isa = PBXBuildFile; fileRef = 4195F4AE17238229004C22B4 /* CustomHeader.m */; };
		4195F4B2172391BC004C22B4 /* CustomFooter.m in Sources */ = {isa = PBXBuildFile; fileRef = 4195F4B1172391BC004C22B4 /* CustomFooter.m */; };
		4195F4B61723A447004C22B4 /* main_bg.png in Resources */ = {isa = PBXBuildFile; fileRef = 4195F4B51723A446004C22B4 /* main_bg.png */; };
/* End PBXBuildFile section */

/* Begin PBXFileReference section */
		4195F47E1722877A004C22B4 /* CoolTable.app */ = {isa = PBXFileReference; explicitFileType = wrapper.application; includeInIndex = 0; path = CoolTable.app; sourceTree = BUILT_PRODUCTS_DIR; };
		4195F4811722877A004C22B4 /* UIKit.framework */ = {isa = PBXFileReference; lastKnownFileType = wrapper.framework; name = UIKit.framework; path = System/Library/Frameworks/UIKit.framework; sourceTree = SDKROOT; };
		4195F4831722877A004C22B4 /* Foundation.framework */ = {isa = PBXFileReference; lastKnownFileType = wrapper.framework; name = Foundation.framework; path = System/Library/Frameworks/Foundation.framework; sourceTree = SDKROOT; };
		4195F4851722877A004C22B4 /* CoreGraphics.framework */ = {isa = PBXFileReference; lastKnownFileType = wrapper.framework; name = CoreGraphics.framework; path = System/Library/Frameworks/CoreGraphics.framework; sourceTree = SDKROOT; };
		4195F4891722877A004C22B4 /* CoolTable-Info.plist */ = {isa = PBXFileReference; lastKnownFileType = text.plist.xml; path = "CoolTable-Info.plist"; sourceTree = "<group>"; };
		4195F48B1722877A004C22B4 /* en */ = {isa = PBXFileReference; lastKnownFileType = text.plist.strings; name = en; path = en.lproj/InfoPlist.strings; sourceTree = "<group>"; };
		4195F48D1722877A004C22B4 /* main.m */ = {isa = PBXFileReference; lastKnownFileType = sourcecode.c.objc; path = main.m; sourceTree = "<group>"; };
		4195F48F1722877A004C22B4 /* CoolTable-Prefix.pch */ = {isa = PBXFileReference; lastKnownFileType = sourcecode.c.h; path = "CoolTable-Prefix.pch"; sourceTree = "<group>"; };
		4195F4901722877A004C22B4 /* AppDelegate.h */ = {isa = PBXFileReference; lastKnownFileType = sourcecode.c.h; path = AppDelegate.h; sourceTree = "<group>"; };
		4195F4911722877A004C22B4 /* AppDelegate.m */ = {isa = PBXFileReference; lastKnownFileType = sourcecode.c.objc; path = AppDelegate.m; sourceTree = "<group>"; };
		4195F4931722877A004C22B4 /* Default.png */ = {isa = PBXFileReference; lastKnownFileType = image.png; path = Default.png; sourceTree = "<group>"; };
		4195F4951722877A004C22B4 /* Default@2x.png */ = {isa = PBXFileReference; lastKnownFileType = image.png; path = "Default@2x.png"; sourceTree = "<group>"; };
		4195F4971722877A004C22B4 /* Default-568h@2x.png */ = {isa = PBXFileReference; lastKnownFileType = image.png; path = "Default-568h@2x.png"; sourceTree = "<group>"; };
		4195F49A1722877A004C22B4 /* en */ = {isa = PBXFileReference; lastKnownFileType = file.storyboard; name = en; path = en.lproj/MainStoryboard.storyboard; sourceTree = "<group>"; };
		4195F4A4172287B7004C22B4 /* CoolTableViewController.h */ = {isa = PBXFileReference; fileEncoding = 4; lastKnownFileType = sourcecode.c.h; path = CoolTableViewController.h; sourceTree = "<group>"; };
		4195F4A5172287B7004C22B4 /* CoolTableViewController.m */ = {isa = PBXFileReference; fileEncoding = 4; lastKnownFileType = sourcecode.c.objc; path = CoolTableViewController.m; sourceTree = "<group>"; };
		4195F4A717228B71004C22B4 /* CustomCellBackground.h */ = {isa = PBXFileReference; fileEncoding = 4; lastKnownFileType = sourcecode.c.h; path = CustomCellBackground.h; sourceTree = "<group>"; };
		4195F4A817228B71004C22B4 /* CustomCellBackground.m */ = {isa = PBXFileReference; fileEncoding = 4; lastKnownFileType = sourcecode.c.objc; path = CustomCellBackground.m; sourceTree = "<group>"; };
		4195F4AA17228EB5004C22B4 /* Common.h */ = {isa = PBXFileReference; fileEncoding = 4; lastKnownFileType = sourcecode.c.h; path = Common.h; sourceTree = "<group>"; };
		4195F4AB17228EB5004C22B4 /* Common.m */ = {isa = PBXFileReference; fileEncoding = 4; lastKnownFileType = sourcecode.c.objc; path = Common.m; sourceTree = "<group>"; };
		4195F4AD17238228004C22B4 /* CustomHeader.h */ = {isa = PBXFileReference; fileEncoding = 4; lastKnownFileType = sourcecode.c.h; path = CustomHeader.h; sourceTree = "<group>"; };
		4195F4AE17238229004C22B4 /* CustomHeader.m */ = {isa = PBXFileReference; fileEncoding = 4; lastKnownFileType = sourcecode.c.objc; path = CustomHeader.m; sourceTree = "<group>"; };
		4195F4B0172391BC004C22B4 /* CustomFooter.h */ = {isa = PBXFileReference; fileEncoding = 4; lastKnownFileType = sourcecode.c.h; path = CustomFooter.h; sourceTree = "<group>"; };
		4195F4B1172391BC004C22B4 /* CustomFooter.m */ = {isa = PBXFileReference; fileEncoding = 4; lastKnownFileType = sourcecode.c.objc; path = CustomFooter.m; sourceTree = "<group>"; };
		4195F4B51723A446004C22B4 /* main_bg.png */ = {isa = PBXFileReference; lastKnownFileType = image.png; path = main_bg.png; sourceTree = "<group>"; };
/* End PBXFileReference section */

/* Begin PBXFrameworksBuildPhase section */
		4195F47B1722877A004C22B4 /* Frameworks */ = {
			isa = PBXFrameworksBuildPhase;
			buildActionMask = 2147483647;
			files = (
				4195F4821722877A004C22B4 /* UIKit.framework in Frameworks */,
				4195F4841722877A004C22B4 /* Foundation.framework in Frameworks */,
				4195F4861722877A004C22B4 /* CoreGraphics.framework in Frameworks */,
			);
			runOnlyForDeploymentPostprocessing = 0;
		};
/* End PBXFrameworksBuildPhase section */

/* Begin PBXGroup section */
		4195F4751722877A004C22B4 = {
			isa = PBXGroup;
			children = (
				4195F4871722877A004C22B4 /* CoolTable */,
				4195F4801722877A004C22B4 /* Frameworks */,
				4195F47F1722877A004C22B4 /* Products */,
			);
			sourceTree = "<group>";
		};
		4195F47F1722877A004C22B4 /* Products */ = {
			isa = PBXGroup;
			children = (
				4195F47E1722877A004C22B4 /* CoolTable.app */,
			);
			name = Products;
			sourceTree = "<group>";
		};
		4195F4801722877A004C22B4 /* Frameworks */ = {
			isa = PBXGroup;
			children = (
				4195F4811722877A004C22B4 /* UIKit.framework */,
				4195F4831722877A004C22B4 /* Foundation.framework */,
				4195F4851722877A004C22B4 /* CoreGraphics.framework */,
			);
			name = Frameworks;
			sourceTree = "<group>";
		};
		4195F4871722877A004C22B4 /* CoolTable */ = {
			isa = PBXGroup;
			children = (
				4195F4B51723A446004C22B4 /* main_bg.png */,
				4195F4901722877A004C22B4 /* AppDelegate.h */,
				4195F4911722877A004C22B4 /* AppDelegate.m */,
				4195F4991722877A004C22B4 /* MainStoryboard.storyboard */,
				4195F4881722877A004C22B4 /* Supporting Files */,
				4195F4A4172287B7004C22B4 /* CoolTableViewController.h */,
				4195F4A5172287B7004C22B4 /* CoolTableViewController.m */,
				4195F4A717228B71004C22B4 /* CustomCellBackground.h */,
				4195F4A817228B71004C22B4 /* CustomCellBackground.m */,
				4195F4AA17228EB5004C22B4 /* Common.h */,
				4195F4AB17228EB5004C22B4 /* Common.m */,
				4195F4AD17238228004C22B4 /* CustomHeader.h */,
				4195F4AE17238229004C22B4 /* CustomHeader.m */,
				4195F4B0172391BC004C22B4 /* CustomFooter.h */,
				4195F4B1172391BC004C22B4 /* CustomFooter.m */,
			);
			path = CoolTable;
			sourceTree = "<group>";
		};
		4195F4881722877A004C22B4 /* Supporting Files */ = {
			isa = PBXGroup;
			children = (
				4195F4891722877A004C22B4 /* CoolTable-Info.plist */,
				4195F48A1722877A004C22B4 /* InfoPlist.strings */,
				4195F48D1722877A004C22B4 /* main.m */,
				4195F48F1722877A004C22B4 /* CoolTable-Prefix.pch */,
				4195F4931722877A004C22B4 /* Default.png */,
				4195F4951722877A004C22B4 /* Default@2x.png */,
				4195F4971722877A004C22B4 /* Default-568h@2x.png */,
			);
			name = "Supporting Files";
			sourceTree = "<group>";
		};
/* End PBXGroup section */

/* Begin PBXNativeTarget section */
		4195F47D1722877A004C22B4 /* CoolTable */ = {
			isa = PBXNativeTarget;
			buildConfigurationList = 4195F4A11722877A004C22B4 /* Build configuration list for PBXNativeTarget "CoolTable" */;
			buildPhases = (
				4195F47A1722877A004C22B4 /* Sources */,
				4195F47B1722877A004C22B4 /* Frameworks */,
				4195F47C1722877A004C22B4 /* Resources */,
			);
			buildRules = (
			);
			dependencies = (
			);
			name = CoolTable;
			productName = CoolTable;
			productReference = 4195F47E1722877A004C22B4 /* CoolTable.app */;
			productType = "com.apple.product-type.application";
		};
/* End PBXNativeTarget section */

/* Begin PBXProject section */
		4195F4761722877A004C22B4 /* Project object */ = {
			isa = PBXProject;
			attributes = {
				LastUpgradeCheck = 0460;
				ORGANIZATIONNAME = "Home Inc";
			};
			buildConfigurationList = 4195F4791722877A004C22B4 /* Build configuration list for PBXProject "CoolTable" */;
			compatibilityVersion = "Xcode 3.2";
			developmentRegion = English;
			hasScannedForEncodings = 0;
			knownRegions = (
				en,
			);
			mainGroup = 4195F4751722877A004C22B4;
			productRefGroup = 4195F47F1722877A004C22B4 /* Products */;
			projectDirPath = "";
			projectRoot = "";
			targets = (
				4195F47D1722877A004C22B4 /* CoolTable */,
			);
		};
/* End PBXProject section */

/* Begin PBXResourcesBuildPhase section */
		4195F47C1722877A004C22B4 /* Resources */ = {
			isa = PBXResourcesBuildPhase;
			buildActionMask = 2147483647;
			files = (
				4195F48C1722877A004C22B4 /* InfoPlist.strings in Resources */,
				4195F4941722877A004C22B4 /* Default.png in Resources */,
				4195F4961722877A004C22B4 /* Default@2x.png in Resources */,
				4195F4981722877A004C22B4 /* Default-568h@2x.png in Resources */,
				4195F49B1722877A004C22B4 /* MainStoryboard.storyboard in Resources */,
				4195F4B61723A447004C22B4 /* main_bg.png in Resources */,
			);
			runOnlyForDeploymentPostprocessing = 0;
		};
/* End PBXResourcesBuildPhase section */

/* Begin PBXSourcesBuildPhase section */
		4195F47A1722877A004C22B4 /* Sources */ = {
			isa = PBXSourcesBuildPhase;
			buildActionMask = 2147483647;
			files = (
				4195F48E1722877A004C22B4 /* main.m in Sources */,
				4195F4921722877A004C22B4 /* AppDelegate.m in Sources */,
				4195F4A6172287B7004C22B4 /* CoolTableViewController.m in Sources */,
				4195F4A917228B71004C22B4 /* CustomCellBackground.m in Sources */,
				4195F4AC17228EB5004C22B4 /* Common.m in Sources */,
				4195F4AF17238229004C22B4 /* CustomHeader.m in Sources */,
				4195F4B2172391BC004C22B4 /* CustomFooter.m in Sources */,
			);
			runOnlyForDeploymentPostprocessing = 0;
		};
/* End PBXSourcesBuildPhase section */

/* Begin PBXVariantGroup section */
		4195F48A1722877A004C22B4 /* InfoPlist.strings */ = {
			isa = PBXVariantGroup;
			children = (
				4195F48B1722877A004C22B4 /* en */,
			);
			name = InfoPlist.strings;
			sourceTree = "<group>";
		};
		4195F4991722877A004C22B4 /* MainStoryboard.storyboard */ = {
			isa = PBXVariantGroup;
			children = (
				4195F49A1722877A004C22B4 /* en */,
			);
			name = MainStoryboard.storyboard;
			sourceTree = "<group>";
		};
/* End PBXVariantGroup section */

/* Begin XCBuildConfiguration section */
		4195F49F1722877A004C22B4 /* Debug */ = {
			isa = XCBuildConfiguration;
			buildSettings = {
				ALWAYS_SEARCH_USER_PATHS = NO;
				CLANG_CXX_LANGUAGE_STANDARD = "gnu++0x";
				CLANG_CXX_LIBRARY = "libc++";
				CLANG_ENABLE_OBJC_ARC = YES;
				CLANG_WARN_CONSTANT_CONVERSION = YES;
				CLANG_WARN_EMPTY_BODY = YES;
				CLANG_WARN_ENUM_CONVERSION = YES;
				CLANG_WARN_INT_CONVERSION = YES;
				CLANG_WARN__DUPLICATE_METHOD_MATCH = YES;
				"CODE_SIGN_IDENTITY[sdk=iphoneos*]" = "iPhone Developer";
				COPY_PHASE_STRIP = NO;
				GCC_C_LANGUAGE_STANDARD = gnu99;
				GCC_DYNAMIC_NO_PIC = NO;
				GCC_OPTIMIZATION_LEVEL = 0;
				GCC_PREPROCESSOR_DEFINITIONS = (
					"DEBUG=1",
					"$(inherited)",
				);
				GCC_SYMBOLS_PRIVATE_EXTERN = NO;
				GCC_WARN_ABOUT_RETURN_TYPE = YES;
				GCC_WARN_UNINITIALIZED_AUTOS = YES;
				GCC_WARN_UNUSED_VARIABLE = YES;
				IPHONEOS_DEPLOYMENT_TARGET = 6.1;
				ONLY_ACTIVE_ARCH = YES;
				SDKROOT = iphoneos;
			};
			name = Debug;
		};
		4195F4A01722877A004C22B4 /* Release */ = {
			isa = XCBuildConfiguration;
			buildSettings = {
				ALWAYS_SEARCH_USER_PATHS = NO;
				CLANG_CXX_LANGUAGE_STANDARD = "gnu++0x";
				CLANG_CXX_LIBRARY = "libc++";
				CLANG_ENABLE_OBJC_ARC = YES;
				CLANG_WARN_CONSTANT_CONVERSION = YES;
				CLANG_WARN_EMPTY_BODY = YES;
				CLANG_WARN_ENUM_CONVERSION = YES;
				CLANG_WARN_INT_CONVERSION = YES;
				CLANG_WARN__DUPLICATE_METHOD_MATCH = YES;
				"CODE_SIGN_IDENTITY[sdk=iphoneos*]" = "iPhone Developer";
				COPY_PHASE_STRIP = YES;
				GCC_C_LANGUAGE_STANDARD = gnu99;
				GCC_WARN_ABOUT_RETURN_TYPE = YES;
				GCC_WARN_UNINITIALIZED_AUTOS = YES;
				GCC_WARN_UNUSED_VARIABLE = YES;
				IPHONEOS_DEPLOYMENT_TARGET = 6.1;
				OTHER_CFLAGS = "-DNS_BLOCK_ASSERTIONS=1";
				SDKROOT = iphoneos;
				VALIDATE_PRODUCT = YES;
			};
			name = Release;
		};
		4195F4A21722877A004C22B4 /* Debug */ = {
			isa = XCBuildConfiguration;
			buildSettings = {
				GCC_PRECOMPILE_PREFIX_HEADER = YES;
				GCC_PREFIX_HEADER = "CoolTable/CoolTable-Prefix.pch";
				INFOPLIST_FILE = "CoolTable/CoolTable-Info.plist";
				PRODUCT_NAME = "$(TARGET_NAME)";
				WRAPPER_EXTENSION = app;
			};
			name = Debug;
		};
		4195F4A31722877A004C22B4 /* Release */ = {
			isa = XCBuildConfiguration;
			buildSettings = {
				GCC_PRECOMPILE_PREFIX_HEADER = YES;
				GCC_PREFIX_HEADER = "CoolTable/CoolTable-Prefix.pch";
				INFOPLIST_FILE = "CoolTable/CoolTable-Info.plist";
				PRODUCT_NAME = "$(TARGET_NAME)";
				WRAPPER_EXTENSION = app;
			};
			name = Release;
		};
/* End XCBuildConfiguration section */

/* Begin XCConfigurationList section */
		4195F4791722877A004C22B4 /* Build configuration list for PBXProject "CoolTable" */ = {
			isa = XCConfigurationList;
			buildConfigurations = (
				4195F49F1722877A004C22B4 /* Debug */,
				4195F4A01722877A004C22B4 /* Release */,
			);
			defaultConfigurationIsVisible = 0;
			defaultConfigurationName = Release;
		};
		4195F4A11722877A004C22B4 /* Build configuration list for PBXNativeTarget "CoolTable" */ = {
			isa = XCConfigurationList;
			buildConfigurations = (
				4195F4A21722877A004C22B4 /* Debug */,
				4195F4A31722877A004C22B4 /* Release */,
			);
			defaultConfigurationIsVisible = 0;
			defaultConfigurationName = Release;
		};
/* End XCConfigurationList section */
	};
	rootObject = 4195F4761722877A004C22B4 /* Project object */;
}
